
Microsoft Visual Studio Solution File, Format Version 12.00
# Visual Studio Version 17
VisualStudioVersion = 17.7.34009.444
MinimumVisualStudioVersion = 10.0.40219.1
Project("{FAE04EC0-301F-11D3-BF4B-00C04F79EFBC}") = "AnimeNotifierLite", "AnimeNotifierLite\AnimeNotifierLite.csproj", "{75D96262-DDF6-4A1B-A539-56D09F2DA306}"
EndProject
Global
	GlobalSection(SolutionConfigurationPlatforms) = preSolution
		Debug|Any CPU = Debug|Any CPU
		Release|Any CPU = Release|Any CPU
	EndGlobalSection
	GlobalSection(ProjectConfigurationPlatforms) = postSolution
		{75D96262-DDF6-4A1B-A539-56D09F2DA306}.Debug|Any CPU.ActiveCfg = Debug|Any CPU
		{75D96262-DDF6-4A1B-A539-56D09F2DA306}.Debug|Any CPU.Build.0 = Debug|Any CPU
		{75D96262-DDF6-4A1B-A539-56D09F2DA306}.Release|Any CPU.ActiveCfg = Release|Any CPU
		{75D96262-DDF6-4A1B-A539-56D09F2DA306}.Release|Any CPU.Build.0 = Release|Any CPU
	EndGlobalSection
	GlobalSection(SolutionProperties) = preSolution
		HideSolutionNode = FALSE
	EndGlobalSection
	GlobalSection(ExtensibilityGlobals) = postSolution
		SolutionGuid = {B68467FC-A0E5-4024-AB2F-6D10AE5C9C00}
	EndGlobalSection
EndGlobal
